version: 6
environments:
  default:
    channels:
    - url: https://conda.anaconda.org/conda-forge/
    packages:
      linux-64:
      - conda: https://conda.anaconda.org/conda-forge/linux-64/_libgcc_mutex-0.1-conda_forge.tar.bz2
      - conda: https://conda.anaconda.org/conda-forge/linux-64/_openmp_mutex-4.5-2_gnu.tar.bz2
      - conda: https://conda.anaconda.org/conda-forge/linux-64/bzip2-1.0.8-h4bc722e_7.conda
      - conda: https://conda.anaconda.org/conda-forge/linux-64/ca-certificates-2024.12.14-hbcca054_0.conda
      - conda: https://conda.anaconda.org/conda-forge/linux-64/console_bridge-1.0.2-h924138e_1.tar.bz2
      - conda: https://conda.anaconda.org/conda-forge/linux-64/eigen-3.4.0-h00ab1b0_0.conda
      - conda: https://conda.anaconda.org/conda-forge/linux-64/fmt-11.0.2-h434a139_0.conda
      - conda: https://conda.anaconda.org/conda-forge/linux-64/ld_impl_linux-64-2.43-h712a8e2_2.conda
      - conda: https://conda.anaconda.org/conda-forge/linux-64/libblas-3.9.0-26_linux64_openblas.conda
      - conda: https://conda.anaconda.org/conda-forge/linux-64/libcblas-3.9.0-26_linux64_openblas.conda
      - conda: https://conda.anaconda.org/conda-forge/linux-64/libexpat-2.6.4-h5888daf_0.conda
      - conda: https://conda.anaconda.org/conda-forge/linux-64/libffi-3.4.2-h7f98852_5.tar.bz2
      - conda: https://conda.anaconda.org/conda-forge/linux-64/libgcc-14.2.0-h77fa898_1.conda
      - conda: https://conda.anaconda.org/conda-forge/linux-64/libgcc-ng-14.2.0-h69a702a_1.conda
      - conda: https://conda.anaconda.org/conda-forge/linux-64/libgfortran-14.2.0-h69a702a_1.conda
      - conda: https://conda.anaconda.org/conda-forge/linux-64/libgfortran5-14.2.0-hd5240d6_1.conda
      - conda: https://conda.anaconda.org/conda-forge/linux-64/libgomp-14.2.0-h77fa898_1.conda
      - conda: https://conda.anaconda.org/conda-forge/linux-64/liblapack-3.9.0-26_linux64_openblas.conda
      - conda: https://conda.anaconda.org/conda-forge/linux-64/liblzma-5.6.3-hb9d3cd8_1.conda
      - conda: https://conda.anaconda.org/conda-forge/linux-64/libnsl-2.0.1-hd590300_0.conda
      - conda: https://conda.anaconda.org/conda-forge/linux-64/libopenblas-0.3.28-pthreads_h94d23a6_1.conda
      - conda: https://conda.anaconda.org/conda-forge/linux-64/libsqlite-3.47.2-hee588c1_0.conda
      - conda: https://conda.anaconda.org/conda-forge/linux-64/libstdcxx-14.2.0-hc0a3c3a_1.conda
      - conda: https://conda.anaconda.org/conda-forge/linux-64/libstdcxx-ng-14.2.0-h4852527_1.conda
      - conda: https://conda.anaconda.org/conda-forge/linux-64/libuuid-2.38.1-h0b41bf4_0.conda
      - conda: https://conda.anaconda.org/conda-forge/linux-64/libxcrypt-4.4.36-hd590300_1.conda
      - conda: https://conda.anaconda.org/conda-forge/linux-64/libzlib-1.3.1-hb9d3cd8_2.conda
      - conda: https://conda.anaconda.org/conda-forge/linux-64/ncurses-6.5-he02047a_1.conda
      - conda: https://conda.anaconda.org/conda-forge/linux-64/nlopt-2.10.0-py311h019bca9_0.conda
      - conda: https://conda.anaconda.org/conda-forge/linux-64/numpy-2.2.1-py311hf916aec_0.conda
      - conda: https://conda.anaconda.org/conda-forge/linux-64/openssl-3.4.0-h7b32b05_1.conda
      - conda: https://conda.anaconda.org/conda-forge/linux-64/orocos-kdl-1.5.1-h5888daf_8.conda
      - conda: https://conda.anaconda.org/conda-forge/linux-64/python-3.11.11-h9e4cc4f_1_cpython.conda
      - conda: https://conda.anaconda.org/conda-forge/linux-64/python_abi-3.11-5_cp311.conda
      - conda: https://conda.anaconda.org/conda-forge/linux-64/readline-8.2-h8228510_1.conda
      - conda: https://conda.anaconda.org/conda-forge/linux-64/spdlog-1.14.1-hed91bc2_1.conda
      - conda: https://conda.anaconda.org/conda-forge/linux-64/tinyxml2-10.0.0-h59595ed_0.conda
      - conda: https://conda.anaconda.org/conda-forge/linux-64/tk-8.6.13-noxft_h4845f30_101.conda
      - conda: https://conda.anaconda.org/conda-forge/noarch/tzdata-2024b-hc8b5060_0.conda
      - conda: https://conda.anaconda.org/conda-forge/linux-64/urdfdom-4.0.1-h7fd8c06_0.conda
      - conda: https://conda.anaconda.org/conda-forge/linux-64/urdfdom_headers-1.1.2-h84d6215_0.conda
      - conda: .
packages:
- conda: https://conda.anaconda.org/conda-forge/linux-64/_libgcc_mutex-0.1-conda_forge.tar.bz2
  sha256: fe51de6107f9edc7aa4f786a70f4a883943bc9d39b3bb7307c04c41410990726
  md5: d7c89558ba9fa0495403155b64376d81
  license: None
  size: 2562
  timestamp: 1578324546067
- conda: https://conda.anaconda.org/conda-forge/linux-64/_openmp_mutex-4.5-2_gnu.tar.bz2
  build_number: 16
  sha256: fbe2c5e56a653bebb982eda4876a9178aedfc2b545f25d0ce9c4c0b508253d22
  md5: 73aaf86a425cc6e73fcf236a5a46396d
  depends:
  - _libgcc_mutex 0.1 conda_forge
  - libgomp >=7.5.0
  constrains:
  - openmp_impl 9999
  license: BSD-3-Clause
  license_family: BSD
  size: 23621
  timestamp: 1650670423406
- conda: https://conda.anaconda.org/conda-forge/linux-64/bzip2-1.0.8-h4bc722e_7.conda
  sha256: 5ced96500d945fb286c9c838e54fa759aa04a7129c59800f0846b4335cee770d
  md5: 62ee74e96c5ebb0af99386de58cf9553
  depends:
  - __glibc >=2.17,<3.0.a0
  - libgcc-ng >=12
  license: bzip2-1.0.6
  license_family: BSD
  size: 252783
  timestamp: 1720974456583
- conda: https://conda.anaconda.org/conda-forge/linux-64/ca-certificates-2024.12.14-hbcca054_0.conda
  sha256: 1afd7274cbc9a334d6d0bc62fa760acc7afdaceb0b91a8df370ec01fd75dc7dd
  md5: 720523eb0d6a9b0f6120c16b2aa4e7de
  license: ISC
  size: 157088
  timestamp: 1734208393264
- conda: https://conda.anaconda.org/conda-forge/linux-64/console_bridge-1.0.2-h924138e_1.tar.bz2
  sha256: 29caeda123ea705e68de46dc3b86065ec78f5b44d7ae69b320cc57e136d2d9d7
  md5: e891b2b856a57d2b2ddb9ed366e3f2ce
  depends:
  - libgcc-ng >=10.3.0
  - libstdcxx-ng >=10.3.0
  license: BSD-3-Clause
  license_family: BSD
  size: 18460
  timestamp: 1648912649612
- conda: https://conda.anaconda.org/conda-forge/linux-64/eigen-3.4.0-h00ab1b0_0.conda
  sha256: 53b15a98aadbe0704479bacaf7a5618fcb32d1577be320630674574241639b34
  md5: b1b879d6d093f55dd40d58b5eb2f0699
  depends:
  - libgcc-ng >=12
  - libstdcxx-ng >=12
  license: MPL-2.0
  license_family: MOZILLA
  size: 1088433
  timestamp: 1690272126173
- conda: https://conda.anaconda.org/conda-forge/linux-64/fmt-11.0.2-h434a139_0.conda
  sha256: c620e2ab084948985ae9b8848d841f603e8055655513340e04b6cf129099b5ca
  md5: 995f7e13598497691c1dc476d889bc04
  depends:
  - __glibc >=2.17,<3.0.a0
  - libgcc-ng >=12
  - libstdcxx-ng >=12
  license: MIT
  license_family: MIT
  size: 198533
  timestamp: 1723046725112
- conda: https://conda.anaconda.org/conda-forge/linux-64/ld_impl_linux-64-2.43-h712a8e2_2.conda
  sha256: 7c91cea91b13f4314d125d1bedb9d03a29ebbd5080ccdea70260363424646dbe
  md5: 048b02e3962f066da18efe3a21b77672
  depends:
  - __glibc >=2.17,<3.0.a0
  constrains:
  - binutils_impl_linux-64 2.43
  license: GPL-3.0-only
  license_family: GPL
  size: 669211
  timestamp: 1729655358674
- conda: https://conda.anaconda.org/conda-forge/linux-64/libblas-3.9.0-26_linux64_openblas.conda
  build_number: 26
  sha256: 30bd658682b124243f8e52d8edf8a19e7be1bc31e4fe4baec30a64002dc8cd0c
  md5: ac52800af2e0c0e7dac770b435ce768a
  depends:
  - libopenblas >=0.3.28,<0.3.29.0a0
  - libopenblas >=0.3.28,<1.0a0
  constrains:
  - libcblas 3.9.0 26_linux64_openblas
  - liblapack 3.9.0 26_linux64_openblas
  - liblapacke 3.9.0 26_linux64_openblas
  - blas * openblas
  license: BSD-3-Clause
  license_family: BSD
  size: 16393
  timestamp: 1734432564346
- conda: https://conda.anaconda.org/conda-forge/linux-64/libcblas-3.9.0-26_linux64_openblas.conda
  build_number: 26
  sha256: 9c74e536c9bc868e356ffd43f81c2cb398aec84b40fcadc312315b164a5500ee
  md5: ebcc5f37a435aa3c19640533c82f8d76
  depends:
  - libblas 3.9.0 26_linux64_openblas
  constrains:
  - liblapack 3.9.0 26_linux64_openblas
  - liblapacke 3.9.0 26_linux64_openblas
  - blas * openblas
  license: BSD-3-Clause
  license_family: BSD
  size: 16336
  timestamp: 1734432570482
- conda: https://conda.anaconda.org/conda-forge/linux-64/libexpat-2.6.4-h5888daf_0.conda
  sha256: 56541b98447b58e52d824bd59d6382d609e11de1f8adf20b23143e353d2b8d26
  md5: db833e03127376d461e1e13e76f09b6c
  depends:
  - __glibc >=2.17,<3.0.a0
  - libgcc >=13
  constrains:
  - expat 2.6.4.*
  license: MIT
  license_family: MIT
  size: 73304
  timestamp: 1730967041968
- conda: https://conda.anaconda.org/conda-forge/linux-64/libffi-3.4.2-h7f98852_5.tar.bz2
  sha256: ab6e9856c21709b7b517e940ae7028ae0737546122f83c2aa5d692860c3b149e
  md5: d645c6d2ac96843a2bfaccd2d62b3ac3
  depends:
  - libgcc-ng >=9.4.0
  license: MIT
  license_family: MIT
  size: 58292
  timestamp: 1636488182923
- conda: https://conda.anaconda.org/conda-forge/linux-64/libgcc-14.2.0-h77fa898_1.conda
  sha256: 53eb8a79365e58849e7b1a068d31f4f9e718dc938d6f2c03e960345739a03569
  md5: 3cb76c3f10d3bc7f1105b2fc9db984df
  depends:
  - _libgcc_mutex 0.1 conda_forge
  - _openmp_mutex >=4.5
  constrains:
  - libgomp 14.2.0 h77fa898_1
  - libgcc-ng ==14.2.0=*_1
  license: GPL-3.0-only WITH GCC-exception-3.1
  license_family: GPL
  size: 848745
  timestamp: 1729027721139
- conda: https://conda.anaconda.org/conda-forge/linux-64/libgcc-ng-14.2.0-h69a702a_1.conda
  sha256: 3a76969c80e9af8b6e7a55090088bc41da4cffcde9e2c71b17f44d37b7cb87f7
  md5: e39480b9ca41323497b05492a63bc35b
  depends:
  - libgcc 14.2.0 h77fa898_1
  license: GPL-3.0-only WITH GCC-exception-3.1
  license_family: GPL
  size: 54142
  timestamp: 1729027726517
- conda: https://conda.anaconda.org/conda-forge/linux-64/libgfortran-14.2.0-h69a702a_1.conda
  sha256: fc9e7f22a17faf74da904ebfc4d88699013d2992e55505e4aa0eb01770290977
  md5: f1fd30127802683586f768875127a987
  depends:
  - libgfortran5 14.2.0 hd5240d6_1
  constrains:
  - libgfortran-ng ==14.2.0=*_1
  license: GPL-3.0-only WITH GCC-exception-3.1
  license_family: GPL
  size: 53997
  timestamp: 1729027752995
- conda: https://conda.anaconda.org/conda-forge/linux-64/libgfortran5-14.2.0-hd5240d6_1.conda
  sha256: d149a37ca73611e425041f33b9d8dbed6e52ec506fe8cc1fc0ee054bddeb6d5d
  md5: 9822b874ea29af082e5d36098d25427d
  depends:
  - libgcc >=14.2.0
  constrains:
  - libgfortran 14.2.0
  license: GPL-3.0-only WITH GCC-exception-3.1
  license_family: GPL
  size: 1462645
  timestamp: 1729027735353
- conda: https://conda.anaconda.org/conda-forge/linux-64/libgomp-14.2.0-h77fa898_1.conda
  sha256: 1911c29975ec99b6b906904040c855772ccb265a1c79d5d75c8ceec4ed89cd63
  md5: cc3573974587f12dda90d96e3e55a702
  depends:
  - _libgcc_mutex 0.1 conda_forge
  license: GPL-3.0-only WITH GCC-exception-3.1
  license_family: GPL
  size: 460992
  timestamp: 1729027639220
- conda: https://conda.anaconda.org/conda-forge/linux-64/liblapack-3.9.0-26_linux64_openblas.conda
  build_number: 26
  sha256: b76458c36331376911e0f98fa68109e02f4d5e5ebfffa79587ac69cef748bba1
  md5: 3792604c43695d6a273bc5faaac47d48
  depends:
  - libblas 3.9.0 26_linux64_openblas
  constrains:
  - libcblas 3.9.0 26_linux64_openblas
  - liblapacke 3.9.0 26_linux64_openblas
  - blas * openblas
  license: BSD-3-Clause
  license_family: BSD
  size: 16338
  timestamp: 1734432576650
- conda: https://conda.anaconda.org/conda-forge/linux-64/liblzma-5.6.3-hb9d3cd8_1.conda
  sha256: e6e425252f3839e2756e4af1ea2074dffd3396c161bf460629f9dfd6a65f15c6
  md5: 2ecf2f1c7e4e21fcfe6423a51a992d84
  depends:
  - __glibc >=2.17,<3.0.a0
  - libgcc >=13
  license: 0BSD
  size: 111132
  timestamp: 1733407410083
- conda: https://conda.anaconda.org/conda-forge/linux-64/libnsl-2.0.1-hd590300_0.conda
  sha256: 26d77a3bb4dceeedc2a41bd688564fe71bf2d149fdcf117049970bc02ff1add6
  md5: 30fd6e37fe21f86f4bd26d6ee73eeec7
  depends:
  - libgcc-ng >=12
  license: LGPL-2.1-only
  license_family: GPL
  size: 33408
  timestamp: 1697359010159
- conda: https://conda.anaconda.org/conda-forge/linux-64/libopenblas-0.3.28-pthreads_h94d23a6_1.conda
  sha256: 99ba271d8a80a1af2723f2e124ffd91d850074c0389c067e6d96d72a2dbfeabe
  md5: 62857b389e42b36b686331bec0922050
  depends:
  - __glibc >=2.17,<3.0.a0
  - libgcc >=14
  - libgfortran
  - libgfortran5 >=14.2.0
  constrains:
  - openblas >=0.3.28,<0.3.29.0a0
  license: BSD-3-Clause
  license_family: BSD
  size: 5578513
  timestamp: 1730772671118
- conda: https://conda.anaconda.org/conda-forge/linux-64/libsqlite-3.47.2-hee588c1_0.conda
  sha256: 48af21ebc2cbf358976f1e0f4a0ab9e91dfc83d0ef337cf3837c6f5bc22fb352
  md5: b58da17db24b6e08bcbf8fed2fb8c915
  depends:
  - __glibc >=2.17,<3.0.a0
  - libgcc >=13
  - libzlib >=1.3.1,<2.0a0
  license: Unlicense
  size: 873551
  timestamp: 1733761824646
- conda: https://conda.anaconda.org/conda-forge/linux-64/libstdcxx-14.2.0-hc0a3c3a_1.conda
  sha256: 4661af0eb9bdcbb5fb33e5d0023b001ad4be828fccdcc56500059d56f9869462
  md5: 234a5554c53625688d51062645337328
  depends:
  - libgcc 14.2.0 h77fa898_1
  license: GPL-3.0-only WITH GCC-exception-3.1
  license_family: GPL
  size: 3893695
  timestamp: 1729027746910
- conda: https://conda.anaconda.org/conda-forge/linux-64/libstdcxx-ng-14.2.0-h4852527_1.conda
  sha256: 25bb30b827d4f6d6f0522cc0579e431695503822f144043b93c50237017fffd8
  md5: 8371ac6457591af2cf6159439c1fd051
  depends:
  - libstdcxx 14.2.0 hc0a3c3a_1
  license: GPL-3.0-only WITH GCC-exception-3.1
  license_family: GPL
  size: 54105
  timestamp: 1729027780628
- conda: https://conda.anaconda.org/conda-forge/linux-64/libuuid-2.38.1-h0b41bf4_0.conda
  sha256: 787eb542f055a2b3de553614b25f09eefb0a0931b0c87dbcce6efdfd92f04f18
  md5: 40b61aab5c7ba9ff276c41cfffe6b80b
  depends:
  - libgcc-ng >=12
  license: BSD-3-Clause
  license_family: BSD
  size: 33601
  timestamp: 1680112270483
- conda: https://conda.anaconda.org/conda-forge/linux-64/libxcrypt-4.4.36-hd590300_1.conda
  sha256: 6ae68e0b86423ef188196fff6207ed0c8195dd84273cb5623b85aa08033a410c
  md5: 5aa797f8787fe7a17d1b0821485b5adc
  depends:
  - libgcc-ng >=12
  license: LGPL-2.1-or-later
  size: 100393
  timestamp: 1702724383534
- conda: https://conda.anaconda.org/conda-forge/linux-64/libzlib-1.3.1-hb9d3cd8_2.conda
  sha256: d4bfe88d7cb447768e31650f06257995601f89076080e76df55e3112d4e47dc4
  md5: edb0dca6bc32e4f4789199455a1dbeb8
  depends:
  - __glibc >=2.17,<3.0.a0
  - libgcc >=13
  constrains:
  - zlib 1.3.1 *_2
  license: Zlib
  license_family: Other
  size: 60963
  timestamp: 1727963148474
- conda: https://conda.anaconda.org/conda-forge/linux-64/ncurses-6.5-he02047a_1.conda
  sha256: 6a1d5d8634c1a07913f1c525db6455918cbc589d745fac46d9d6e30340c8731a
  md5: 70caf8bb6cf39a0b6b7efc885f51c0fe
  depends:
  - __glibc >=2.17,<3.0.a0
  - libgcc-ng >=12
  license: X11 AND BSD-3-Clause
  size: 889086
  timestamp: 1724658547447
- conda: https://conda.anaconda.org/conda-forge/linux-64/nlopt-2.10.0-py311h019bca9_0.conda
  sha256: 053ad038acd9860b65dc5e9c7d167ef386ea6d98aeff32e2b89a30fd792718e6
  md5: 191d5ffbe9222f22daee79cfb18e586b
  depends:
  - __glibc >=2.17,<3.0.a0
  - libgcc >=13
  - libstdcxx >=13
  - numpy >=1.19,<3
  - python >=3.11,<3.12.0a0
  - python_abi 3.11.* *_cp311
  license: LGPL-2.1-or-later
  size: 409818
  timestamp: 1738746690921
- conda: https://conda.anaconda.org/conda-forge/linux-64/numpy-2.2.1-py311hf916aec_0.conda
  sha256: effedc59ede8fa025df3a1e14d876e03e6686d808d8b5da1e9a34e780d8f1a65
  md5: 54a2d01ec2cfc01644f17d25978b0ecf
  depends:
  - __glibc >=2.17,<3.0.a0
  - libblas >=3.9.0,<4.0a0
  - libcblas >=3.9.0,<4.0a0
  - libgcc >=13
  - liblapack >=3.9.0,<4.0a0
  - libstdcxx >=13
  - python >=3.11,<3.12.0a0
  - python_abi 3.11.* *_cp311
  constrains:
  - numpy-base <0a0
  license: BSD-3-Clause
  license_family: BSD
  size: 9014710
  timestamp: 1734904686061
- conda: https://conda.anaconda.org/conda-forge/linux-64/openssl-3.4.0-h7b32b05_1.conda
  sha256: f62f6bca4a33ca5109b6d571b052a394d836956d21b25b7ffd03376abf7a481f
  md5: 4ce6875f75469b2757a65e10a5d05e31
  depends:
  - __glibc >=2.17,<3.0.a0
  - ca-certificates
  - libgcc >=13
  license: Apache-2.0
  license_family: Apache
  size: 2937158
  timestamp: 1736086387286
- conda: https://conda.anaconda.org/conda-forge/linux-64/orocos-kdl-1.5.1-h5888daf_8.conda
  sha256: 2c32fc459cabed3b272b3d41c63a869de3bee69636dee39519005fbc3e9c7b64
  md5: 81554d1604c59c8eabf592eacd1f561a
  depends:
  - __glibc >=2.17,<3.0.a0
  - eigen
  - libgcc >=13
  - libstdcxx >=13
  license: LGPL-2.1-or-later
  license_family: LGPL
  size: 388297
  timestamp: 1729197896717
- conda: https://conda.anaconda.org/conda-forge/linux-64/python-3.11.11-h9e4cc4f_1_cpython.conda
  build_number: 1
  sha256: b29ce0836fce55bdff8d5c5b71c4921a23f87d3b950aea89a9e75784120b06b0
  md5: 8387070aa413ce9a8cc35a509fae938b
  depends:
  - __glibc >=2.17,<3.0.a0
  - bzip2 >=1.0.8,<2.0a0
  - ld_impl_linux-64 >=2.36.1
  - libexpat >=2.6.4,<3.0a0
  - libffi >=3.4,<4.0a0
  - libgcc >=13
  - liblzma >=5.6.3,<6.0a0
  - libnsl >=2.0.1,<2.1.0a0
  - libsqlite >=3.47.0,<4.0a0
  - libuuid >=2.38.1,<3.0a0
  - libxcrypt >=4.4.36
  - libzlib >=1.3.1,<2.0a0
  - ncurses >=6.5,<7.0a0
  - openssl >=3.4.0,<4.0a0
  - readline >=8.2,<9.0a0
  - tk >=8.6.13,<8.7.0a0
  - tzdata
  constrains:
  - python_abi 3.11.* *_cp311
  license: Python-2.0
  size: 30624804
  timestamp: 1733409665928
- conda: https://conda.anaconda.org/conda-forge/linux-64/python_abi-3.11-5_cp311.conda
  build_number: 5
  sha256: 2660b8059b3ee854bc5d3c6b1fce946e5bd2fe8fbca7827de2c5885ead6209de
  md5: 139a8d40c8a2f430df31048949e450de
  constrains:
  - python 3.11.* *_cpython
  license: BSD-3-Clause
  license_family: BSD
  size: 6211
  timestamp: 1723823324668
- conda: https://conda.anaconda.org/conda-forge/linux-64/readline-8.2-h8228510_1.conda
  sha256: 5435cf39d039387fbdc977b0a762357ea909a7694d9528ab40f005e9208744d7
  md5: 47d31b792659ce70f470b5c82fdfb7a4
  depends:
  - libgcc-ng >=12
  - ncurses >=6.3,<7.0a0
  license: GPL-3.0-only
  license_family: GPL
  size: 281456
  timestamp: 1679532220005
- conda: https://conda.anaconda.org/conda-forge/linux-64/spdlog-1.14.1-hed91bc2_1.conda
  sha256: 0c604fe3f78ddb2b612841722bd9b5db24d0484e30ced89fac78c0a3f524dfd6
  md5: 909188c8979846bac8e586908cf1ca6a
  depends:
  - __glibc >=2.17,<3.0.a0
  - fmt >=11.0.1,<12.0a0
  - libgcc-ng >=12
  - libstdcxx-ng >=12
  license: MIT
  license_family: MIT
  size: 195665
  timestamp: 1722238295031
- conda: https://conda.anaconda.org/conda-forge/linux-64/tinyxml2-10.0.0-h59595ed_0.conda
  sha256: e89306d01999f629a329ddb2e2ca9b8fbfe7c483d13f9805f0c6891a24a6e9c8
  md5: 5e27e4a780264caed4be372ded70a9e9
  depends:
  - libgcc-ng >=12
  - libstdcxx-ng >=12
  license: Zlib
  size: 120640
  timestamp: 1704495493222
- conda: https://conda.anaconda.org/conda-forge/linux-64/tk-8.6.13-noxft_h4845f30_101.conda
  sha256: e0569c9caa68bf476bead1bed3d79650bb080b532c64a4af7d8ca286c08dea4e
  md5: d453b98d9c83e71da0741bb0ff4d76bc
  depends:
  - libgcc-ng >=12
  - libzlib >=1.2.13,<2.0.0a0
  license: TCL
  license_family: BSD
  size: 3318875
  timestamp: 1699202167581
- conda: .
  name: trac_ik
  version: 0.1.0
  build: hbf21a9e_0
  subdir: linux-64
  depends:
  - python >=3.11,<3.12
  - libstdcxx >=14
  - libgcc >=14
  - nlopt >=2.10.0,<2.11.0a0
  - orocos-kdl >=1.5.1,<1.6.0a0
  - spdlog >=1.14.1,<1.15.0a0
  - urdfdom >=4.0.1,<4.1.0a0
  input:
    hash: d6f8dd0bc8c320faeb39d05003242fd424d341a67c50aec65027dd47c1c32728
    globs:
    - pixi.toml
- conda: https://conda.anaconda.org/conda-forge/noarch/tzdata-2024b-hc8b5060_0.conda
  sha256: 4fde5c3008bf5d2db82f2b50204464314cc3c91c1d953652f7bd01d9e52aefdf
  md5: 8ac3367aafb1cc0a068483c580af8015
  license: LicenseRef-Public-Domain
  size: 122354
  timestamp: 1728047496079
- conda: https://conda.anaconda.org/conda-forge/linux-64/urdfdom-4.0.1-h7fd8c06_0.conda
  sha256: d014f60a9db527bed8453bf2de9e5d3d85043bfa299f99176b12f9521b7e4bce
  md5: d29fa6134560c0728a8a6ab71fbf6376
  depends:
  - __glibc >=2.17,<3.0.a0
  - console_bridge >=1.0.2,<1.1.0a0
  - libgcc >=13
  - libstdcxx >=13
  - tinyxml2 >=10.0.0,<11.0a0
  - urdfdom_headers
  license: BSD-3-Clause
  license_family: BSD
  size: 107840
  timestamp: 1726152524268
- conda: https://conda.anaconda.org/conda-forge/linux-64/urdfdom_headers-1.1.2-h84d6215_0.conda
  sha256: 9f4090616ed1cb509bb65f1edb11b23c86d929db0ea3af2bf84277caa4337c40
  md5: 4872efb515124284f8cee0f957f3edce
  depends:
  - __glibc >=2.17,<3.0.a0
  - libgcc >=13
  - libstdcxx >=13
  license: BSD-3-Clause
  license_family: BSD
  size: 19201
  timestamp: 1726152409175
